
Microsoft Visual Studio Solution File, Format Version 12.00
# Visual Studio Version 17
VisualStudioVersion = 17.5.33424.131
MinimumVisualStudioVersion = 10.0.40219.1
Project("{FAE04EC0-301F-11D3-BF4B-00C04F79EFBC}") = "ArsenalFanPage", "ArsenalFanPage\ArsenalFanPage.csproj", "{10510949-BAF7-4921-9D8B-A17791DD4181}"
EndProject
Global
	GlobalSection(SolutionConfigurationPlatforms) = preSolution
		Debug|Any CPU = Debug|Any CPU
		Release|Any CPU = Release|Any CPU
	EndGlobalSection
	GlobalSection(ProjectConfigurationPlatforms) = postSolution
		{10510949-BAF7-4921-9D8B-A17791DD4181}.Debug|Any CPU.ActiveCfg = Debug|Any CPU
		{10510949-BAF7-4921-9D8B-A17791DD4181}.Debug|Any CPU.Build.0 = Debug|Any CPU
		{10510949-BAF7-4921-9D8B-A17791DD4181}.Release|Any CPU.ActiveCfg = Release|Any CPU
		{10510949-BAF7-4921-9D8B-A17791DD4181}.Release|Any CPU.Build.0 = Release|Any CPU
	EndGlobalSection
	GlobalSection(SolutionProperties) = preSolution
		HideSolutionNode = FALSE
	EndGlobalSection
	GlobalSection(ExtensibilityGlobals) = postSolution
		SolutionGuid = {536342FB-178B-42EC-AEA3-3BBE9A021905}
	EndGlobalSection
EndGlobal
